{
    "_readme": [
        "This file locks the dependencies of your project to a known state",
        "Read more about it at https://getcomposer.org/doc/01-basic-usage.md#composer-lock-the-lock-file",
        "This file is @generated automatically"
    ],
    "hash": "3ad6724faae4b022ba05288fd132f671",
    "content-hash": "2345410e40d08e20091e32be81f39a33",
    "packages": [
        {
            "name": "symfony/css-selector",
            "version": "v3.0.0",
            "source": {
                "type": "git",
                "url": "https://github.com/symfony/css-selector.git",
                "reference": "2563cd23b8822eac1b2a4a47d99de160b58492c1"
            },
            "dist": {
                "type": "zip",
                "url": "https://api.github.com/repos/symfony/css-selector/zipball/2563cd23b8822eac1b2a4a47d99de160b58492c1",
                "reference": "2563cd23b8822eac1b2a4a47d99de160b58492c1",
                "shasum": ""
            },
            "require": {
                "php": ">=5.5.9"
            },
            "type": "library",
            "extra": {
                "branch-alias": {
                    "dev-master": "3.0-dev"
                }
            },
            "autoload": {
                "psr-4": {
                    "Symfony\\Component\\CssSelector\\": ""
                },
                "exclude-from-classmap": [
                    "/Tests/"
                ]
            },
            "notification-url": "https://packagist.org/downloads/",
            "license": [
                "MIT"
            ],
            "authors": [
                {
                    "name": "Jean-François Simon",
                    "email": "jeanfrancois.simon@sensiolabs.com"
                },
                {
                    "name": "Fabien Potencier",
                    "email": "fabien@symfony.com"
                },
                {
                    "name": "Symfony Community",
                    "homepage": "https://symfony.com/contributors"
                }
            ],
            "description": "Symfony CssSelector Component",
            "homepage": "https://symfony.com",
            "time": "2015-10-30 23:35:59"
        },
        {
            "name": "xparse/expression-translator",
            "version": "0.0.2",
            "source": {
                "type": "git",
                "url": "https://github.com/xparse/ExpressionTranslator.git",
                "reference": "8188a01355326b787894d8ff04546cdc7d7590f2"
            },
            "dist": {
                "type": "zip",
                "url": "https://api.github.com/repos/xparse/ExpressionTranslator/zipball/8188a01355326b787894d8ff04546cdc7d7590f2",
                "reference": "8188a01355326b787894d8ff04546cdc7d7590f2",
                "shasum": ""
            },
            "require": {
                "php": ">=5.5.0"
            },
            "require-dev": {
                "phpunit/phpunit": "4.*"
            },
            "type": "library",
            "autoload": {
                "psr-4": {
                    "Xparse\\ExpressionTranslator\\": "src"
                }
            },
            "notification-url": "https://packagist.org/downloads/",
            "license": [
                "MIT"
            ],
            "authors": [
                {
                    "name": "funivan",
                    "email": "dev@funivan.com",
                    "homepage": "http://funivan.com",
                    "role": "Developer"
                }
            ],
            "description": "Translate custom expressions to xpath",
            "homepage": "https://github.com/",
            "time": "2015-12-02 12:03:30"
        }
    ],
    "packages-dev": [],
    "aliases": [],
    "minimum-stability": "stable",
    "stability-flags": [],
    "prefer-stable": false,
    "prefer-lowest": false,
    "platform": {
        "php": ">=5.5.0"
    },
    "platform-dev": []
}
